
Microsoft Visual Studio Solution File, Format Version 12.00
# Visual Studio Version 17
VisualStudioVersion = 17.14.36518.9 d17.14
MinimumVisualStudioVersion = 10.0.40219.1
Project("{FAE04EC0-301F-11D3-BF4B-00C04F79EFBC}") = "Survey Set C", "Survey Set C.csproj", "{02FA6C77-C1C1-4255-9EFD-5B0DCDC6D648}"
EndProject
Global
	GlobalSection(SolutionConfigurationPlatforms) = preSolution
		Debug|Any CPU = Debug|Any CPU
		Release|Any CPU = Release|Any CPU
	EndGlobalSection
	GlobalSection(ProjectConfigurationPlatforms) = postSolution
		{02FA6C77-C1C1-4255-9EFD-5B0DCDC6D648}.Debug|Any CPU.ActiveCfg = Debug|Any CPU
		{02FA6C77-C1C1-4255-9EFD-5B0DCDC6D648}.Debug|Any CPU.Build.0 = Debug|Any CPU
		{02FA6C77-C1C1-4255-9EFD-5B0DCDC6D648}.Release|Any CPU.ActiveCfg = Release|Any CPU
		{02FA6C77-C1C1-4255-9EFD-5B0DCDC6D648}.Release|Any CPU.Build.0 = Release|Any CPU
	EndGlobalSection
	GlobalSection(SolutionProperties) = preSolution
		HideSolutionNode = FALSE
	EndGlobalSection
	GlobalSection(ExtensibilityGlobals) = postSolution
		SolutionGuid = {BF210136-1A42-45BE-B0C7-79205D8B92F5}
	EndGlobalSection
EndGlobal
